{
  "requires": true,
  "lockfileVersion": 1,
  "dependencies": {
    "mdi-react": {
      "version": "4.3.0",
      "resolved": "https://registry.npmjs.org/mdi-react/-/mdi-react-4.3.0.tgz",
      "integrity": "sha512-PtOM0On5NuOZBDopc4DcC7LYYup6kLOqGHMshv8kf/E35fwqcdYqCBgoQMRRXXUNCqAfQobFF7gjupNYI3eRyA=="
    }
  }
}
